PODS:
  - SDWebImage (5.10.3):
    - SDWebImage/Core (= 5.10.3)
  - SDWebImage/Core (5.10.3)

DEPENDENCIES:
  - SDWebImage

SPEC REPOS:
  trunk:
    - SDWebImage

SPEC CHECKSUMS:
  SDWebImage: e378178472b735e84b007bfb55514c97948a0598

PODFILE CHECKSUM: e2b742cca35e0c9657cafd8c437979068eba8805

COCOAPODS: 1.10.0
