// !$*UTF8*$!
{
	archiveVersion = 1;
	classes = {
	};
	objectVersion = 51;
	objects = {

/* Begin PBXBuildFile section */
		36E6FD1E66B7D8FF5C2AE351 /* Pods_AppStore_Clone.framework in Frameworks */ = {isa = PBXBuildFile; fileRef = 5117D4D6EEB8A34A19961585 /* Pods_AppStore_Clone.framework */; };
		CD2B081F25C1ACFD009EC85D /* UIView+Layout.swift in Sources */ = {isa = PBXBuildFile; fileRef = CD2B081E25C1ACFD009EC85D /* UIView+Layout.swift */; };
		CD2B082625C1B2B1009EC85D /* VerticalStackView.swift in Sources */ = {isa = PBXBuildFile; fileRef = CD2B082525C1B2B1009EC85D /* VerticalStackView.swift */; };
		CDD4AD0025BF8365003DF296 /* AppDelegate.swift in Sources */ = {isa = PBXBuildFile; fileRef = CDD4ACFF25BF8365003DF296 /* AppDelegate.swift */; };
		CDD4AD0225BF8365003DF296 /* SceneDelegate.swift in Sources */ = {isa = PBXBuildFile; fileRef = CDD4AD0125BF8365003DF296 /* SceneDelegate.swift */; };
		CDD4AD0425BF8365003DF296 /* ViewController.swift in Sources */ = {isa = PBXBuildFile; fileRef = CDD4AD0325BF8365003DF296 /* ViewController.swift */; };
		CDD4AD0725BF8365003DF296 /* Main.storyboard in Resources */ = {isa = PBXBuildFile; fileRef = CDD4AD0525BF8365003DF296 /* Main.storyboard */; };
		CDD4AD0925BF8366003DF296 /* Assets.xcassets in Resources */ = {isa = PBXBuildFile; fileRef = CDD4AD0825BF8366003DF296 /* Assets.xcassets */; };
		CDD4AD0C25BF8366003DF296 /* LaunchScreen.storyboard in Resources */ = {isa = PBXBuildFile; fileRef = CDD4AD0A25BF8366003DF296 /* LaunchScreen.storyboard */; };
		CDD4AD1625BF84F0003DF296 /* BaseTabBarController.swift in Sources */ = {isa = PBXBuildFile; fileRef = CDD4AD1525BF84F0003DF296 /* BaseTabBarController.swift */; };
		CDD4AD1B25BF8D09003DF296 /* AppSearchController.swift in Sources */ = {isa = PBXBuildFile; fileRef = CDD4AD1A25BF8D09003DF296 /* AppSearchController.swift */; };
		CDDB5E7E25C06D5D00CC0E4B /* SearchResultCell.swift in Sources */ = {isa = PBXBuildFile; fileRef = CDDB5E7D25C06D5D00CC0E4B /* SearchResultCell.swift */; };
		CDE03A8C25C34D6A00348CDC /* SearchResult.swift in Sources */ = {isa = PBXBuildFile; fileRef = CDE03A8B25C34D6A00348CDC /* SearchResult.swift */; };
		CDE03A9225C351C700348CDC /* Service.swift in Sources */ = {isa = PBXBuildFile; fileRef = CDE03A9125C351C700348CDC /* Service.swift */; };
/* End PBXBuildFile section */

/* Begin PBXFileReference section */
		24A7A685172D0AEF58B25E54 /* Pods-AppStore Clone.release.xcconfig */ = {isa = PBXFileReference; includeInIndex = 1; lastKnownFileType = text.xcconfig; name = "Pods-AppStore Clone.release.xcconfig"; path = "Target Support Files/Pods-AppStore Clone/Pods-AppStore Clone.release.xcconfig"; sourceTree = "<group>"; };
		3DFA2AD57D97DAC83A15D539 /* Pods-AppStore Clone.debug.xcconfig */ = {isa = PBXFileReference; includeInIndex = 1; lastKnownFileType = text.xcconfig; name = "Pods-AppStore Clone.debug.xcconfig"; path = "Target Support Files/Pods-AppStore Clone/Pods-AppStore Clone.debug.xcconfig"; sourceTree = "<group>"; };
		5117D4D6EEB8A34A19961585 /* Pods_AppStore_Clone.framework */ = {isa = PBXFileReference; explicitFileType = wrapper.framework; includeInIndex = 0; path = Pods_AppStore_Clone.framework; sourceTree = BUILT_PRODUCTS_DIR; };
		CD2B081E25C1ACFD009EC85D /* UIView+Layout.swift */ = {isa = PBXFileReference; fileEncoding = 4; lastKnownFileType = sourcecode.swift; path = "UIView+Layout.swift"; sourceTree = "<group>"; };
		CD2B082525C1B2B1009EC85D /* VerticalStackView.swift */ = {isa = PBXFileReference; lastKnownFileType = sourcecode.swift; path = VerticalStackView.swift; sourceTree = "<group>"; };
		CDD4ACFC25BF8365003DF296 /* AppStore Clone.app */ = {isa = PBXFileReference; explicitFileType = wrapper.application; includeInIndex = 0; path = "AppStore Clone.app"; sourceTree = BUILT_PRODUCTS_DIR; };
		CDD4ACFF25BF8365003DF296 /* AppDelegate.swift */ = {isa = PBXFileReference; lastKnownFileType = sourcecode.swift; path = AppDelegate.swift; sourceTree = "<group>"; };
		CDD4AD0125BF8365003DF296 /* SceneDelegate.swift */ = {isa = PBXFileReference; lastKnownFileType = sourcecode.swift; path = SceneDelegate.swift; sourceTree = "<group>"; };
		CDD4AD0325BF8365003DF296 /* ViewController.swift */ = {isa = PBXFileReference; lastKnownFileType = sourcecode.swift; path = ViewController.swift; sourceTree = "<group>"; };
		CDD4AD0625BF8365003DF296 /* Base */ = {isa = PBXFileReference; lastKnownFileType = file.storyboard; name = Base; path = Base.lproj/Main.storyboard; sourceTree = "<group>"; };
		CDD4AD0825BF8366003DF296 /* Assets.xcassets */ = {isa = PBXFileReference; lastKnownFileType = folder.assetcatalog; path = Assets.xcassets; sourceTree = "<group>"; };
		CDD4AD0B25BF8366003DF296 /* Base */ = {isa = PBXFileReference; lastKnownFileType = file.storyboard; name = Base; path = Base.lproj/LaunchScreen.storyboard; sourceTree = "<group>"; };
		CDD4AD0D25BF8366003DF296 /* Info.plist */ = {isa = PBXFileReference; lastKnownFileType = text.plist.xml; path = Info.plist; sourceTree = "<group>"; };
		CDD4AD1525BF84F0003DF296 /* BaseTabBarController.swift */ = {isa = PBXFileReference; lastKnownFileType = sourcecode.swift; path = BaseTabBarController.swift; sourceTree = "<group>"; };
		CDD4AD1A25BF8D09003DF296 /* AppSearchController.swift */ = {isa = PBXFileReference; lastKnownFileType = sourcecode.swift; path = AppSearchController.swift; sourceTree = "<group>"; };
		CDDB5E7D25C06D5D00CC0E4B /* SearchResultCell.swift */ = {isa = PBXFileReference; lastKnownFileType = sourcecode.swift; path = SearchResultCell.swift; sourceTree = "<group>"; };
		CDE03A8B25C34D6A00348CDC /* SearchResult.swift */ = {isa = PBXFileReference; lastKnownFileType = sourcecode.swift; path = SearchResult.swift; sourceTree = "<group>"; };
		CDE03A9125C351C700348CDC /* Service.swift */ = {isa = PBXFileReference; lastKnownFileType = sourcecode.swift; path = Service.swift; sourceTree = "<group>"; };
/* End PBXFileReference section */

/* Begin PBXFrameworksBuildPhase section */
		CDD4ACF925BF8365003DF296 /* Frameworks */ = {
			isa = PBXFrameworksBuildPhase;
			buildActionMask = 2147483647;
			files = (
				36E6FD1E66B7D8FF5C2AE351 /* Pods_AppStore_Clone.framework in Frameworks */,
			);
			runOnlyForDeploymentPostprocessing = 0;
		};
/* End PBXFrameworksBuildPhase section */

/* Begin PBXGroup section */
		8CAA5BFEFD6D8FD3030EF6A6 /* Frameworks */ = {
			isa = PBXGroup;
			children = (
				5117D4D6EEB8A34A19961585 /* Pods_AppStore_Clone.framework */,
			);
			name = Frameworks;
			sourceTree = "<group>";
		};
		CD2B082225C1AD09009EC85D /* Helpers */ = {
			isa = PBXGroup;
			children = (
				CD2B081E25C1ACFD009EC85D /* UIView+Layout.swift */,
				CD2B082525C1B2B1009EC85D /* VerticalStackView.swift */,
			);
			path = Helpers;
			sourceTree = "<group>";
		};
		CDD4ACF325BF8365003DF296 = {
			isa = PBXGroup;
			children = (
				CDD4ACFE25BF8365003DF296 /* AppStore Clone */,
				CDD4ACFD25BF8365003DF296 /* Products */,
				D1B5519EA6DFACE2FB8E77F8 /* Pods */,
				8CAA5BFEFD6D8FD3030EF6A6 /* Frameworks */,
			);
			sourceTree = "<group>";
		};
		CDD4ACFD25BF8365003DF296 /* Products */ = {
			isa = PBXGroup;
			children = (
				CDD4ACFC25BF8365003DF296 /* AppStore Clone.app */,
			);
			name = Products;
			sourceTree = "<group>";
		};
		CDD4ACFE25BF8365003DF296 /* AppStore Clone */ = {
			isa = PBXGroup;
			children = (
				CD2B082225C1AD09009EC85D /* Helpers */,
				CDE03A9825C36BC000348CDC /* Service */,
				CDE03A8E25C34D8700348CDC /* Model */,
				CDDB5E8025C06D6800CC0E4B /* Views */,
				CDD4AD1825BF8CD5003DF296 /* Controller */,
				CDD4ACFF25BF8365003DF296 /* AppDelegate.swift */,
				CDD4AD0125BF8365003DF296 /* SceneDelegate.swift */,
				CDD4AD0325BF8365003DF296 /* ViewController.swift */,
				CDD4AD0525BF8365003DF296 /* Main.storyboard */,
				CDD4AD0825BF8366003DF296 /* Assets.xcassets */,
				CDD4AD0A25BF8366003DF296 /* LaunchScreen.storyboard */,
				CDD4AD0D25BF8366003DF296 /* Info.plist */,
			);
			path = "AppStore Clone";
			sourceTree = "<group>";
		};
		CDD4AD1825BF8CD5003DF296 /* Controller */ = {
			isa = PBXGroup;
			children = (
				CDD4AD1525BF84F0003DF296 /* BaseTabBarController.swift */,
				CDD4AD1A25BF8D09003DF296 /* AppSearchController.swift */,
			);
			path = Controller;
			sourceTree = "<group>";
		};
		CDDB5E8025C06D6800CC0E4B /* Views */ = {
			isa = PBXGroup;
			children = (
				CDDB5E7D25C06D5D00CC0E4B /* SearchResultCell.swift */,
			);
			path = Views;
			sourceTree = "<group>";
		};
		CDE03A8E25C34D8700348CDC /* Model */ = {
			isa = PBXGroup;
			children = (
				CDE03A8B25C34D6A00348CDC /* SearchResult.swift */,
			);
			path = Model;
			sourceTree = "<group>";
		};
		CDE03A9825C36BC000348CDC /* Service */ = {
			isa = PBXGroup;
			children = (
				CDE03A9125C351C700348CDC /* Service.swift */,
			);
			path = Service;
			sourceTree = "<group>";
		};
		D1B5519EA6DFACE2FB8E77F8 /* Pods */ = {
			isa = PBXGroup;
			children = (
				3DFA2AD57D97DAC83A15D539 /* Pods-AppStore Clone.debug.xcconfig */,
				24A7A685172D0AEF58B25E54 /* Pods-AppStore Clone.release.xcconfig */,
			);
			path = Pods;
			sourceTree = "<group>";
		};
/* End PBXGroup section */

/* Begin PBXNativeTarget section */
		CDD4ACFB25BF8365003DF296 /* AppStore Clone */ = {
			isa = PBXNativeTarget;
			buildConfigurationList = CDD4AD1025BF8366003DF296 /* Build configuration list for PBXNativeTarget "AppStore Clone" */;
			buildPhases = (
				DD16D12566949A07B52C232B /* [CP] Check Pods Manifest.lock */,
				CDD4ACF825BF8365003DF296 /* Sources */,
				CDD4ACF925BF8365003DF296 /* Frameworks */,
				CDD4ACFA25BF8365003DF296 /* Resources */,
				B3F4A5594C7D852988A067D2 /* [CP] Embed Pods Frameworks */,
			);
			buildRules = (
			);
			dependencies = (
			);
			name = "AppStore Clone";
			productName = "AppStore Clone";
			productReference = CDD4ACFC25BF8365003DF296 /* AppStore Clone.app */;
			productType = "com.apple.product-type.application";
		};
/* End PBXNativeTarget section */

/* Begin PBXProject section */
		CDD4ACF425BF8365003DF296 /* Project object */ = {
			isa = PBXProject;
			attributes = {
				LastSwiftUpdateCheck = 1230;
				LastUpgradeCheck = 1230;
				TargetAttributes = {
					CDD4ACFB25BF8365003DF296 = {
						CreatedOnToolsVersion = 12.3;
					};
				};
			};
			buildConfigurationList = CDD4ACF725BF8365003DF296 /* Build configuration list for PBXProject "AppStore Clone" */;
			compatibilityVersion = "Xcode 9.3";
			developmentRegion = en;
			hasScannedForEncodings = 0;
			knownRegions = (
				en,
				Base,
			);
			mainGroup = CDD4ACF325BF8365003DF296;
			productRefGroup = CDD4ACFD25BF8365003DF296 /* Products */;
			projectDirPath = "";
			projectRoot = "";
			targets = (
				CDD4ACFB25BF8365003DF296 /* AppStore Clone */,
			);
		};
/* End PBXProject section */

/* Begin PBXResourcesBuildPhase section */
		CDD4ACFA25BF8365003DF296 /* Resources */ = {
			isa = PBXResourcesBuildPhase;
			buildActionMask = 2147483647;
			files = (
				CDD4AD0C25BF8366003DF296 /* LaunchScreen.storyboard in Resources */,
				CDD4AD0925BF8366003DF296 /* Assets.xcassets in Resources */,
				CDD4AD0725BF8365003DF296 /* Main.storyboard in Resources */,
			);
			runOnlyForDeploymentPostprocessing = 0;
		};
/* End PBXResourcesBuildPhase section */

/* Begin PBXShellScriptBuildPhase section */
		B3F4A5594C7D852988A067D2 /* [CP] Embed Pods Frameworks */ = {
			isa = PBXShellScriptBuildPhase;
			buildActionMask = 2147483647;
			files = (
			);
			inputFileListPaths = (
				"${PODS_ROOT}/Target Support Files/Pods-AppStore Clone/Pods-AppStore Clone-frameworks-${CONFIGURATION}-input-files.xcfilelist",
			);
			name = "[CP] Embed Pods Frameworks";
			outputFileListPaths = (
				"${PODS_ROOT}/Target Support Files/Pods-AppStore Clone/Pods-AppStore Clone-frameworks-${CONFIGURATION}-output-files.xcfilelist",
			);
			runOnlyForDeploymentPostprocessing = 0;
			shellPath = /bin/sh;
			shellScript = "\"${PODS_ROOT}/Target Support Files/Pods-AppStore Clone/Pods-AppStore Clone-frameworks.sh\"\n";
			showEnvVarsInLog = 0;
		};
		DD16D12566949A07B52C232B /* [CP] Check Pods Manifest.lock */ = {
			isa = PBXShellScriptBuildPhase;
			buildActionMask = 2147483647;
			files = (
			);
			inputFileListPaths = (
			);
			inputPaths = (
				"${PODS_PODFILE_DIR_PATH}/Podfile.lock",
				"${PODS_ROOT}/Manifest.lock",
			);
			name = "[CP] Check Pods Manifest.lock";
			outputFileListPaths = (
			);
			outputPaths = (
				"$(DERIVED_FILE_DIR)/Pods-AppStore Clone-checkManifestLockResult.txt",
			);
			runOnlyForDeploymentPostprocessing = 0;
			shellPath = /bin/sh;
			shellScript = "diff \"${PODS_PODFILE_DIR_PATH}/Podfile.lock\" \"${PODS_ROOT}/Manifest.lock\" > /dev/null\nif [ $? != 0 ] ; then\n    # print error to STDERR\n    echo \"error: The sandbox is not in sync with the Podfile.lock. Run 'pod install' or update your CocoaPods installation.\" >&2\n    exit 1\nfi\n# This output is used by Xcode 'outputs' to avoid re-running this script phase.\necho \"SUCCESS\" > \"${SCRIPT_OUTPUT_FILE_0}\"\n";
			showEnvVarsInLog = 0;
		};
/* End PBXShellScriptBuildPhase section */

/* Begin PBXSourcesBuildPhase section */
		CDD4ACF825BF8365003DF296 /* Sources */ = {
			isa = PBXSourcesBuildPhase;
			buildActionMask = 2147483647;
			files = (
				CDD4AD1625BF84F0003DF296 /* BaseTabBarController.swift in Sources */,
				CDE03A8C25C34D6A00348CDC /* SearchResult.swift in Sources */,
				CDD4AD1B25BF8D09003DF296 /* AppSearchController.swift in Sources */,
				CD2B081F25C1ACFD009EC85D /* UIView+Layout.swift in Sources */,
				CDD4AD0425BF8365003DF296 /* ViewController.swift in Sources */,
				CDD4AD0025BF8365003DF296 /* AppDelegate.swift in Sources */,
				CD2B082625C1B2B1009EC85D /* VerticalStackView.swift in Sources */,
				CDE03A9225C351C700348CDC /* Service.swift in Sources */,
				CDDB5E7E25C06D5D00CC0E4B /* SearchResultCell.swift in Sources */,
				CDD4AD0225BF8365003DF296 /* SceneDelegate.swift in Sources */,
			);
			runOnlyForDeploymentPostprocessing = 0;
		};
/* End PBXSourcesBuildPhase section */

/* Begin PBXVariantGroup section */
		CDD4AD0525BF8365003DF296 /* Main.storyboard */ = {
			isa = PBXVariantGroup;
			children = (
				CDD4AD0625BF8365003DF296 /* Base */,
			);
			name = Main.storyboard;
			sourceTree = "<group>";
		};
		CDD4AD0A25BF8366003DF296 /* LaunchScreen.storyboard */ = {
			isa = PBXVariantGroup;
			children = (
				CDD4AD0B25BF8366003DF296 /* Base */,
			);
			name = LaunchScreen.storyboard;
			sourceTree = "<group>";
		};
/* End PBXVariantGroup section */

/* Begin XCBuildConfiguration section */
		CDD4AD0E25BF8366003DF296 /* Debug */ = {
			isa = XCBuildConfiguration;
			buildSettings = {
				ALWAYS_SEARCH_USER_PATHS = NO;
				CLANG_ANALYZER_NONNULL = YES;
				CLANG_ANALYZER_NUMBER_OBJECT_CONVERSION = YES_AGGRESSIVE;
				CLANG_CXX_LANGUAGE_STANDARD = "gnu++14";
				CLANG_CXX_LIBRARY = "libc++";
				CLANG_ENABLE_MODULES = YES;
				CLANG_ENABLE_OBJC_ARC = YES;
				CLANG_ENABLE_OBJC_WEAK = YES;
				CLANG_WARN_BLOCK_CAPTURE_AUTORELEASING = YES;
				CLANG_WARN_BOOL_CONVERSION = YES;
				CLANG_WARN_COMMA = YES;
				CLANG_WARN_CONSTANT_CONVERSION = YES;
				CLANG_WARN_DEPRECATED_OBJC_IMPLEMENTATIONS = YES;
				CLANG_WARN_DIRECT_OBJC_ISA_USAGE = YES_ERROR;
				CLANG_WARN_DOCUMENTATION_COMMENTS = YES;
				CLANG_WARN_EMPTY_BODY = YES;
				CLANG_WARN_ENUM_CONVERSION = YES;
				CLANG_WARN_INFINITE_RECURSION = YES;
				CLANG_WARN_INT_CONVERSION = YES;
				CLANG_WARN_NON_LITERAL_NULL_CONVERSION = YES;
				CLANG_WARN_OBJC_IMPLICIT_RETAIN_SELF = YES;
				CLANG_WARN_OBJC_LITERAL_CONVERSION = YES;
				CLANG_WARN_OBJC_ROOT_CLASS = YES_ERROR;
				CLANG_WARN_QUOTED_INCLUDE_IN_FRAMEWORK_HEADER = YES;
				CLANG_WARN_RANGE_LOOP_ANALYSIS = YES;
				CLANG_WARN_STRICT_PROTOTYPES = YES;
				CLANG_WARN_SUSPICIOUS_MOVE = YES;
				CLANG_WARN_UNGUARDED_AVAILABILITY = YES_AGGRESSIVE;
				CLANG_WARN_UNREACHABLE_CODE = YES;
				CLANG_WARN__DUPLICATE_METHOD_MATCH = YES;
				COPY_PHASE_STRIP = NO;
				DEBUG_INFORMATION_FORMAT = dwarf;
				ENABLE_STRICT_OBJC_MSGSEND = YES;
				ENABLE_TESTABILITY = YES;
				GCC_C_LANGUAGE_STANDARD = gnu11;
				GCC_DYNAMIC_NO_PIC = NO;
				GCC_NO_COMMON_BLOCKS = YES;
				GCC_OPTIMIZATION_LEVEL = 0;
				GCC_PREPROCESSOR_DEFINITIONS = (
					"DEBUG=1",
					"$(inherited)",
				);
				GCC_WARN_64_TO_32_BIT_CONVERSION = YES;
				GCC_WARN_ABOUT_RETURN_TYPE = YES_ERROR;
				GCC_WARN_UNDECLARED_SELECTOR = YES;
				GCC_WARN_UNINITIALIZED_AUTOS = YES_AGGRESSIVE;
				GCC_WARN_UNUSED_FUNCTION = YES;
				GCC_WARN_UNUSED_VARIABLE = YES;
				IPHONEOS_DEPLOYMENT_TARGET = 14.3;
				MTL_ENABLE_DEBUG_INFO = INCLUDE_SOURCE;
				MTL_FAST_MATH = YES;
				ONLY_ACTIVE_ARCH = YES;
				SDKROOT = iphoneos;
				SWIFT_ACTIVE_COMPILATION_CONDITIONS = DEBUG;
				SWIFT_OPTIMIZATION_LEVEL = "-Onone";
			};
			name = Debug;
		};
		CDD4AD0F25BF8366003DF296 /* Release */ = {
			isa = XCBuildConfiguration;
			buildSettings = {
				ALWAYS_SEARCH_USER_PATHS = NO;
				CLANG_ANALYZER_NONNULL = YES;
				CLANG_ANALYZER_NUMBER_OBJECT_CONVERSION = YES_AGGRESSIVE;
				CLANG_CXX_LANGUAGE_STANDARD = "gnu++14";
				CLANG_CXX_LIBRARY = "libc++";
				CLANG_ENABLE_MODULES = YES;
				CLANG_ENABLE_OBJC_ARC = YES;
				CLANG_ENABLE_OBJC_WEAK = YES;
				CLANG_WARN_BLOCK_CAPTURE_AUTORELEASING = YES;
				CLANG_WARN_BOOL_CONVERSION = YES;
				CLANG_WARN_COMMA = YES;
				CLANG_WARN_CONSTANT_CONVERSION = YES;
				CLANG_WARN_DEPRECATED_OBJC_IMPLEMENTATIONS = YES;
				CLANG_WARN_DIRECT_OBJC_ISA_USAGE = YES_ERROR;
				CLANG_WARN_DOCUMENTATION_COMMENTS = YES;
				CLANG_WARN_EMPTY_BODY = YES;
				CLANG_WARN_ENUM_CONVERSION = YES;
				CLANG_WARN_INFINITE_RECURSION = YES;
				CLANG_WARN_INT_CONVERSION = YES;
				CLANG_WARN_NON_LITERAL_NULL_CONVERSION = YES;
				CLANG_WARN_OBJC_IMPLICIT_RETAIN_SELF = YES;
				CLANG_WARN_OBJC_LITERAL_CONVERSION = YES;
				CLANG_WARN_OBJC_ROOT_CLASS = YES_ERROR;
				CLANG_WARN_QUOTED_INCLUDE_IN_FRAMEWORK_HEADER = YES;
				CLANG_WARN_RANGE_LOOP_ANALYSIS = YES;
				CLANG_WARN_STRICT_PROTOTYPES = YES;
				CLANG_WARN_SUSPICIOUS_MOVE = YES;
				CLANG_WARN_UNGUARDED_AVAILABILITY = YES_AGGRESSIVE;
				CLANG_WARN_UNREACHABLE_CODE = YES;
				CLANG_WARN__DUPLICATE_METHOD_MATCH = YES;
				COPY_PHASE_STRIP = NO;
				DEBUG_INFORMATION_FORMAT = "dwarf-with-dsym";
				ENABLE_NS_ASSERTIONS = NO;
				ENABLE_STRICT_OBJC_MSGSEND = YES;
				GCC_C_LANGUAGE_STANDARD = gnu11;
				GCC_NO_COMMON_BLOCKS = YES;
				GCC_WARN_64_TO_32_BIT_CONVERSION = YES;
				GCC_WARN_ABOUT_RETURN_TYPE = YES_ERROR;
				GCC_WARN_UNDECLARED_SELECTOR = YES;
				GCC_WARN_UNINITIALIZED_AUTOS = YES_AGGRESSIVE;
				GCC_WARN_UNUSED_FUNCTION = YES;
				GCC_WARN_UNUSED_VARIABLE = YES;
				IPHONEOS_DEPLOYMENT_TARGET = 14.3;
				MTL_ENABLE_DEBUG_INFO = NO;
				MTL_FAST_MATH = YES;
				SDKROOT = iphoneos;
				SWIFT_COMPILATION_MODE = wholemodule;
				SWIFT_OPTIMIZATION_LEVEL = "-O";
				VALIDATE_PRODUCT = YES;
			};
			name = Release;
		};
		CDD4AD1125BF8366003DF296 /* Debug */ = {
			isa = XCBuildConfiguration;
			baseConfigurationReference = 3DFA2AD57D97DAC83A15D539 /* Pods-AppStore Clone.debug.xcconfig */;
			buildSettings = {
				ASSETCATALOG_COMPILER_APPICON_NAME = AppIcon;
				ASSETCATALOG_COMPILER_GLOBAL_ACCENT_COLOR_NAME = AccentColor;
				CODE_SIGN_STYLE = Automatic;
				DEVELOPMENT_TEAM = 37RX5A56JB;
				INFOPLIST_FILE = "AppStore Clone/Info.plist";
				LD_RUNPATH_SEARCH_PATHS = (
					"$(inherited)",
					"@executable_path/Frameworks",
				);
				PRODUCT_BUNDLE_IDENTIFIER = "com.harleensingh.AppStore-Clone";
				PRODUCT_NAME = "$(TARGET_NAME)";
				SWIFT_VERSION = 5.0;
				TARGETED_DEVICE_FAMILY = "1,2";
			};
			name = Debug;
		};
		CDD4AD1225BF8366003DF296 /* Release */ = {
			isa = XCBuildConfiguration;
			baseConfigurationReference = 24A7A685172D0AEF58B25E54 /* Pods-AppStore Clone.release.xcconfig */;
			buildSettings = {
				ASSETCATALOG_COMPILER_APPICON_NAME = AppIcon;
				ASSETCATALOG_COMPILER_GLOBAL_ACCENT_COLOR_NAME = AccentColor;
				CODE_SIGN_STYLE = Automatic;
				DEVELOPMENT_TEAM = 37RX5A56JB;
				INFOPLIST_FILE = "AppStore Clone/Info.plist";
				LD_RUNPATH_SEARCH_PATHS = (
					"$(inherited)",
					"@executable_path/Frameworks",
				);
				PRODUCT_BUNDLE_IDENTIFIER = "com.harleensingh.AppStore-Clone";
				PRODUCT_NAME = "$(TARGET_NAME)";
				SWIFT_VERSION = 5.0;
				TARGETED_DEVICE_FAMILY = "1,2";
			};
			name = Release;
		};
/* End XCBuildConfiguration section */

/* Begin XCConfigurationList section */
		CDD4ACF725BF8365003DF296 /* Build configuration list for PBXProject "AppStore Clone" */ = {
			isa = XCConfigurationList;
			buildConfigurations = (
				CDD4AD0E25BF8366003DF296 /* Debug */,
				CDD4AD0F25BF8366003DF296 /* Release */,
			);
			defaultConfigurationIsVisible = 0;
			defaultConfigurationName = Release;
		};
		CDD4AD1025BF8366003DF296 /* Build configuration list for PBXNativeTarget "AppStore Clone" */ = {
			isa = XCConfigurationList;
			buildConfigurations = (
				CDD4AD1125BF8366003DF296 /* Debug */,
				CDD4AD1225BF8366003DF296 /* Release */,
			);
			defaultConfigurationIsVisible = 0;
			defaultConfigurationName = Release;
		};
/* End XCConfigurationList section */
	};
	rootObject = CDD4ACF425BF8365003DF296 /* Project object */;
}
